
Microsoft Visual Studio Solution File, Format Version 12.00
# Visual Studio Version 17
VisualStudioVersion = 17.0.32014.148
MinimumVisualStudioVersion = 10.0.40219.1
Project("{9A19103F-16F7-4668-BE54-9A1E7A4F7556}") = "Tamp.Repositories", "Tamp.Repositories\Tamp.Repositories.csproj", "{7AE20F92-C582-4AD1-828A-70642424B076}"
EndProject
Project("{9A19103F-16F7-4668-BE54-9A1E7A4F7556}") = "Shared.Kernel", "Shared.Kernel\Shared.Kernel.csproj", "{A98E1BF6-EBE6-46BE-B899-912539CC704E}"
EndProject
Project("{9A19103F-16F7-4668-BE54-9A1E7A4F7556}") = "Tamp.Services", "Tamp.Services\Tamp.Services.csproj", "{7F67DB7B-5D4C-423C-A9D1-2239F49E0FFB}"
EndProject
Project("{FAE04EC0-301F-11D3-BF4B-00C04F79EFBC}") = "UnitTests", "UnitTests\UnitTests.csproj", "{82113FA3-548A-498F-A777-BDED53B6E6E5}"
EndProject
Global
	GlobalSection(SolutionConfigurationPlatforms) = preSolution
		Debug|Any CPU = Debug|Any CPU
		Development|Any CPU = Development|Any CPU
		Release|Any CPU = Release|Any CPU
	EndGlobalSection
	GlobalSection(ProjectConfigurationPlatforms) = postSolution
		{7AE20F92-C582-4AD1-828A-70642424B076}.Debug|Any CPU.ActiveCfg = Debug|Any CPU
		{7AE20F92-C582-4AD1-828A-70642424B076}.Debug|Any CPU.Build.0 = Debug|Any CPU
		{7AE20F92-C582-4AD1-828A-70642424B076}.Development|Any CPU.ActiveCfg = Debug|Any CPU
		{7AE20F92-C582-4AD1-828A-70642424B076}.Development|Any CPU.Build.0 = Debug|Any CPU
		{7AE20F92-C582-4AD1-828A-70642424B076}.Release|Any CPU.ActiveCfg = Release|Any CPU
		{7AE20F92-C582-4AD1-828A-70642424B076}.Release|Any CPU.Build.0 = Release|Any CPU
		{A98E1BF6-EBE6-46BE-B899-912539CC704E}.Debug|Any CPU.ActiveCfg = Debug|Any CPU
		{A98E1BF6-EBE6-46BE-B899-912539CC704E}.Debug|Any CPU.Build.0 = Debug|Any CPU
		{A98E1BF6-EBE6-46BE-B899-912539CC704E}.Development|Any CPU.ActiveCfg = Debug|Any CPU
		{A98E1BF6-EBE6-46BE-B899-912539CC704E}.Development|Any CPU.Build.0 = Debug|Any CPU
		{A98E1BF6-EBE6-46BE-B899-912539CC704E}.Release|Any CPU.ActiveCfg = Release|Any CPU
		{A98E1BF6-EBE6-46BE-B899-912539CC704E}.Release|Any CPU.Build.0 = Release|Any CPU
		{7F67DB7B-5D4C-423C-A9D1-2239F49E0FFB}.Debug|Any CPU.ActiveCfg = Debug|Any CPU
		{7F67DB7B-5D4C-423C-A9D1-2239F49E0FFB}.Debug|Any CPU.Build.0 = Debug|Any CPU
		{7F67DB7B-5D4C-423C-A9D1-2239F49E0FFB}.Development|Any CPU.ActiveCfg = Debug|Any CPU
		{7F67DB7B-5D4C-423C-A9D1-2239F49E0FFB}.Development|Any CPU.Build.0 = Debug|Any CPU
		{7F67DB7B-5D4C-423C-A9D1-2239F49E0FFB}.Release|Any CPU.ActiveCfg = Release|Any CPU
		{7F67DB7B-5D4C-423C-A9D1-2239F49E0FFB}.Release|Any CPU.Build.0 = Release|Any CPU
		{82113FA3-548A-498F-A777-BDED53B6E6E5}.Debug|Any CPU.ActiveCfg = Debug|Any CPU
		{82113FA3-548A-498F-A777-BDED53B6E6E5}.Debug|Any CPU.Build.0 = Debug|Any CPU
		{82113FA3-548A-498F-A777-BDED53B6E6E5}.Development|Any CPU.ActiveCfg = Debug|Any CPU
		{82113FA3-548A-498F-A777-BDED53B6E6E5}.Development|Any CPU.Build.0 = Debug|Any CPU
		{82113FA3-548A-498F-A777-BDED53B6E6E5}.Release|Any CPU.ActiveCfg = Release|Any CPU
		{82113FA3-548A-498F-A777-BDED53B6E6E5}.Release|Any CPU.Build.0 = Release|Any CPU
	EndGlobalSection
	GlobalSection(SolutionProperties) = preSolution
		HideSolutionNode = FALSE
	EndGlobalSection
	GlobalSection(ExtensibilityGlobals) = postSolution
		SolutionGuid = {CBE7B18A-5D03-4DEC-89D2-1E922D30A604}
	EndGlobalSection
EndGlobal
